
Microsoft Visual Studio Solution File, Format Version 12.00
# Visual Studio Version 17
VisualStudioVersion = 17.3.32825.248
MinimumVisualStudioVersion = 10.0.40219.1
Project("{F2A71F9B-5D33-465A-A702-920D77279786}") = "VendasWeb", "VendasWeb\VendasWeb.fsproj", "{8C65B0C8-C883-4B74-9A42-CD9A2A2A813A}"
EndProject
Global
	GlobalSection(SolutionConfigurationPlatforms) = preSolution
		Debug|Any CPU = Debug|Any CPU
		Release|Any CPU = Release|Any CPU
	EndGlobalSection
	GlobalSection(ProjectConfigurationPlatforms) = postSolution
		{8C65B0C8-C883-4B74-9A42-CD9A2A2A813A}.Debug|Any CPU.ActiveCfg = Debug|Any CPU
		{8C65B0C8-C883-4B74-9A42-CD9A2A2A813A}.Debug|Any CPU.Build.0 = Debug|Any CPU
		{8C65B0C8-C883-4B74-9A42-CD9A2A2A813A}.Release|Any CPU.ActiveCfg = Release|Any CPU
		{8C65B0C8-C883-4B74-9A42-CD9A2A2A813A}.Release|Any CPU.Build.0 = Release|Any CPU
	EndGlobalSection
	GlobalSection(SolutionProperties) = preSolution
		HideSolutionNode = FALSE
	EndGlobalSection
	GlobalSection(ExtensibilityGlobals) = postSolution
		SolutionGuid = {8A0C0111-D9F7-4033-B9B3-8C0F1F8484C1}
	EndGlobalSection
EndGlobal
